
Microsoft Visual Studio Solution File, Format Version 12.00
# Visual Studio Version 16
VisualStudioVersion = 16.0.30204.135
MinimumVisualStudioVersion = 10.0.40219.1
Project("{FAE04EC0-301F-11D3-BF4B-00C04F79EFBC}") = "NotelyApp", "NotelyApp\NotelyApp.csproj", "{14A366C6-D7D2-44B2-B3B9-F9A48E87F845}"
EndProject
Global
	GlobalSection(SolutionConfigurationPlatforms) = preSolution
		Debug|Any CPU = Debug|Any CPU
		Release|Any CPU = Release|Any CPU
	EndGlobalSection
	GlobalSection(ProjectConfigurationPlatforms) = postSolution
		{14A366C6-D7D2-44B2-B3B9-F9A48E87F845}.Debug|Any CPU.ActiveCfg = Debug|Any CPU
		{14A366C6-D7D2-44B2-B3B9-F9A48E87F845}.Debug|Any CPU.Build.0 = Debug|Any CPU
		{14A366C6-D7D2-44B2-B3B9-F9A48E87F845}.Release|Any CPU.ActiveCfg = Release|Any CPU
		{14A366C6-D7D2-44B2-B3B9-F9A48E87F845}.Release|Any CPU.Build.0 = Release|Any CPU
	EndGlobalSection
	GlobalSection(SolutionProperties) = preSolution
		HideSolutionNode = FALSE
	EndGlobalSection
	GlobalSection(ExtensibilityGlobals) = postSolution
		SolutionGuid = {66373E89-B7A9-4B1B-86CA-23070A8EB23F}
	EndGlobalSection
EndGlobal
